
Microsoft Visual Studio Solution File, Format Version 12.00
# Visual Studio Version 17
VisualStudioVersion = 17.10.35122.118
MinimumVisualStudioVersion = 10.0.40219.1
Project("{FAE04EC0-301F-11D3-BF4B-00C04F79EFBC}") = "LibraryManager", "LibraryManager.csproj", "{118D9940-E1D6-4F75-AE10-1FB5C7DBA0EF}"
EndProject
Global
	GlobalSection(SolutionConfigurationPlatforms) = preSolution
		Debug|Any CPU = Debug|Any CPU
		Release|Any CPU = Release|Any CPU
	EndGlobalSection
	GlobalSection(ProjectConfigurationPlatforms) = postSolution
		{118D9940-E1D6-4F75-AE10-1FB5C7DBA0EF}.Debug|Any CPU.ActiveCfg = Debug|Any CPU
		{118D9940-E1D6-4F75-AE10-1FB5C7DBA0EF}.Debug|Any CPU.Build.0 = Debug|Any CPU
		{118D9940-E1D6-4F75-AE10-1FB5C7DBA0EF}.Release|Any CPU.ActiveCfg = Release|Any CPU
		{118D9940-E1D6-4F75-AE10-1FB5C7DBA0EF}.Release|Any CPU.Build.0 = Release|Any CPU
	EndGlobalSection
	GlobalSection(SolutionProperties) = preSolution
		HideSolutionNode = FALSE
	EndGlobalSection
	GlobalSection(ExtensibilityGlobals) = postSolution
		SolutionGuid = {56E45662-155F-4B2D-AFAE-81EA9B8FE121}
	EndGlobalSection
EndGlobal
